github.com/beorn7/perks v1.0.1 h1:VlbKKnNfV8bJzeqoa4cOKqO6bYr3WgKZxO8Z16+hsOM=
github.com/beorn7/perks v1.0.1/go.mod h1:G2ZrVWU2WbWT9wwq4/hrbKbnv/1ERSJQ0ibhJ6rlkpw=
github.com/cenkalti/backoff/v4 v4.3.0 h1:MyRJ/UdXutAwSAT+s3wNd7MfTIcy71VQueUuFK343L8=
github.com/cenkalti/backoff/v4 v4.3.0/go.mod h1:Y3VNntkOUPxTVeUxJ/G5vcM//AlwfmyYozVcomhLiZE=
github.com/cespare/xxhash/v2 v2.3.0 h1:UL815xU9SqsFlibzuggzjXhog7bL6oX9BbNZnL2UFvs=
github.com/cespare/xxhash/v2 v2.3.0/go.mod h1:VGX0DQ3Q6kWi7AoAeZDth3/j3BFtOZR5XLFGgcrjCOs=
github.com/cpuguy83/go-md2man/v2 v2.0.4/go.mod h1:tgQtvFlXSQOSOSIRvRPT7W67SCa46tRHOmNcaadrF8o=
github.com/creasty/defaults v1.8.0 h1:z27FJxCAa0JKt3utc0sCImAEb+spPucmKoOdLHvHYKk=
github.com/creasty/defaults v1.8.0/go.mod h1:iGzKe6pbEHnpMPtfDXZEr0NVxWnPTjb1bbDy08fPzYM=
github.com/davecgh/go-spew v1.1.1/go.mod h1:J7Y8YcW2NihsgmVo/mv3lAwl/skON4iLHjSsI+c5H38=
github.com/davecgh/go-spew v1.1.2-0.20180830191138-d8f796af33cc h1:U9qPSI2PIWSS1VwoXQT9A3Wy9MM3WgvqSxFWenqJduM=
github.com/davecgh/go-spew v1.1.2-0.20180830191138-d8f796af33cc/go.mod h1:J7Y8YcW2NihsgmVo/mv3lAwl/skON4iLHjSsI+c5H38=
github.com/dominikbraun/graph v0.23.0 h1:TdZB4pPqCLFxYhdyMFb1TBdFxp8XLcJfTTBQucVPgCo=
github.com/dominikbraun/graph v0.23.0/go.mod h1:yOjYyogZLY1LSG9E33JWZJiq5k83Qy2C6POAuiViluc=
github.com/ebitengine/purego v0.8.1 h1:sdRKd6plj7KYW33EH5As6YKfe8m9zbN9JMrOjNVF/BE=
github.com/ebitengine/purego v0.8.1/go.mod h1:iIjxzd6CiRiOG0UyXP+V1+jWqUXVjPKLAI0mRfJZTmQ=
github.com/fatih/color v1.18.0 h1:S8gINlzdQ840/4pfAwic/ZE0djQEH3wM94VfqLTZcOM=
github.com/fatih/color v1.18.0/go.mod h1:4FelSpRwEGDpQ12mAdzqdOukCy4u8WUtOY6lkT/6HfU=
github.com/frankban/quicktest v1.14.6 h1:7Xjx+VpznH+oBnejlPUj8oUpdxnVs4f8XU8WnHkI4W8=
github.com/frankban/quicktest v1.14.6/go.mod h1:4ptaffx2x8+WTWXmUCuVU6aPUX1/Mz7zb5vbUoiM6w0=
github.com/fsnotify/fsnotify v1.8.0 h1:dAwr6QBTBZIkG8roQaJjGof0pp0EeF+tNV7YBP3F/8M=
github.com/fsnotify/fsnotify v1.8.0/go.mod h1:8jBTzvmWwFyi3Pb8djgCCO5IBqzKJ/Jwo8TRcHyHii0=
github.com/go-kod/kod v0.16.1 h1:hyGxFP3JrY2U1lR/ounCCSBkP7g+6knOqmBgfZBmVfU=
github.com/go-kod/kod v0.16.1/go.mod h1:puH14SFTYK4uhI7Um4TTGuyL6HYNwy/WNBtj50s5cLs=
github.com/go-logr/logr v1.2.2/go.mod h1:jdQByPbusPIv2/zmleS9BjJVeZ6kBagPoEUsqbVz/1A=
github.com/go-logr/logr v1.4.2 h1:6pFjapn8bFcIbiKo3XT4j/BhANplGihG6tvd+8rYgrY=
github.com/go-logr/logr v1.4.2/go.mod h1:9T104GzyrTigFIr8wt5mBrctHMim0Nb2HLGrmQ40KvY=
github.com/go-logr/stdr v1.2.2 h1:hSWxHoqTgW2S2qGc0LTAI563KZ5YKYRhT3MFKZMbjag=
github.com/go-logr/stdr v1.2.2/go.mod h1:mMo/vtBO5dYbehREoey6XUKy/eSumjCCveDpRre4VKE=
github.com/go-ole/go-ole v1.2.6/go.mod h1:pprOEPIfldk/42T2oK7lQ4v4JSDwmV0As9GaiUsvbm0=
github.com/go-ole/go-ole v1.3.0 h1:Dt6ye7+vXGIKZ7Xtk4s6/xVdGDQynvom7xCFEdWr6uE=
github.com/go-ole/go-ole v1.3.0/go.mod h1:5LS6F96DhAwUc7C+1HLexzMXY1xGRSryjyPPKW6zv78=
github.com/golang/protobuf v1.5.4 h1:i7eJL8qZTpSEXOPTxNKhASYpMn+8e5Q6AdndVa1dWek=
github.com/golang/protobuf v1.5.4/go.mod h1:lnTiLA8Wa4RWRcIUkrtSVa5nRhsEGBg48fD6rSs7xps=
github.com/google/go-cmp v0.6.0 h1:ofyhxvXcZhMsU5ulbFiLKl/XBFqE1GSq7atu8tAmTRI=
github.com/google/go-cmp v0.6.0/go.mod h1:17dUlkBOakJ0+DkrSSNjCkIjxS6bF9zb3elmeNGIjoY=
github.com/google/uuid v1.6.0 h1:NIvaJDMOsjHA8n1jAhLSgzrAzy1Hgr+hNrb57e+94F0=
github.com/google/uuid v1.6.0/go.mod h1:TIyPZe4MgqvfeYDBFedMoGGpEw/LqOeaOT+nhxU+yHo=
github.com/grpc-ecosystem/grpc-gateway/v2 v2.23.0 h1:ad0vkEBuk23VJzZR9nkLVG0YAoN9coASF1GusYX6AlU=
github.com/grpc-ecosystem/grpc-gateway/v2 v2.23.0/go.mod h1:igFoXX2ELCW06bol23DWPB5BEWfZISOzSP5K2sbLea0=
github.com/hashicorp/hcl v1.0.0 h1:0Anlzjpi4vEasTeNFn2mLJgTSwt0+6sfsiTG8qcWGx4=
github.com/hashicorp/hcl v1.0.0/go.mod h1:E5yfLk+7swimpb2L/Alb/PJmXilQ/rhwaUYs4T20WEQ=
github.com/inconshreveable/mousetrap v1.1.0 h1:wN+x4NVGpMsO7ErUn/mUI3vEoE6Jt13X2s0bqwp9tc8=
github.com/inconshreveable/mousetrap v1.1.0/go.mod h1:vpF70FUmC8bwa3OWnCshd2FqLfsEA9PFc4w1p2J65bw=
github.com/klauspost/compress v1.17.11 h1:In6xLpyWOi1+C7tXUUWv2ot1QvBjxevKAaI6IXrJmUc=
github.com/klauspost/compress v1.17.11/go.mod h1:pMDklpSncoRMuLFrf1W9Ss9KT+0rH90U12bZKk7uwG0=
github.com/kr/pretty v0.3.1 h1:flRD4NNwYAUpkphVc1HcthR4KEIFJ65n8Mw5qdRn3LE=
github.com/kr/pretty v0.3.1/go.mod h1:hoEshYVHaxMs3cyo3Yncou5ZscifuDolrwPKZanG3xk=
github.com/kr/text v0.2.0 h1:5Nx0Ya0ZqY2ygV366QzturHI13Jq95ApcVaJBhpS+AY=
github.com/kr/text v0.2.0/go.mod h1:eLer722TekiGuMkidMxC/pM04lWEeraHUUmBw8l2grE=
github.com/kylelemons/godebug v1.1.0 h1:RPNrshWIDI6G2gRW9EHilWtl7Z6Sb1BR0xunSBf0SNc=
github.com/kylelemons/godebug v1.1.0/go.mod h1:9/0rRGxNHcop5bhtWyNeEfOS8JIWk580+fNqagV/RAw=
github.com/lufia/plan9stats v0.0.0-20240909124753-873cd0166683 h1:7UMa6KCCMjZEMDtTVdcGu0B1GmmC7QJKiCCjyTAWQy0=
github.com/lufia/plan9stats v0.0.0-20240909124753-873cd0166683/go.mod h1:ilwx/Dta8jXAgpFYFvSWEMwxmbWXyiUHkd5FwyKhb5k=
github.com/magiconair/properties v1.8.7 h1:IeQXZAiQcpL9mgcAe1Nu6cX9LLw6ExEHKjN0VQdvPDY=
github.com/magiconair/properties v1.8.7/go.mod h1:Dhd985XPs7jluiymwWYZ0G4Z61jb3vdS329zhj2hYo0=
github.com/mattn/go-colorable v0.1.13 h1:fFA4WZxdEF4tXPZVKMLwD8oUnCTTo08duU7wxecdEvA=
github.com/mattn/go-colorable v0.1.13/go.mod h1:7S9/ev0klgBDR4GtXTXX8a3vIGJpMovkB8vQcUbaXHg=
github.com/mattn/go-isatty v0.0.16/go.mod h1:kYGgaQfpe5nmfYZH+SKPsOc2e4SrIfOl2e/yFXSvRLM=
github.com/mattn/go-isatty v0.0.20 h1:xfD0iDuEKnDkl03q4limB+vH+GxLEtL/jb4xVJSWWEY=
github.com/mattn/go-isatty v0.0.20/go.mod h1:W+V8PltTTMOvKvAeJH7IuucS94S2C6jfK/D7dTCTo3Y=
github.com/mitchellh/mapstructure v1.5.0 h1:jeMsZIYE/09sWLaz43PL7Gy6RuMjD2eJVyuac5Z2hdY=
github.com/mitchellh/mapstructure v1.5.0/go.mod h1:bFUtVrKA4DC2yAKiSyO/QUcy7e+RRV2QTWOzhPopBRo=
github.com/munnerz/goautoneg v0.0.0-20191010083416-a7dc8b61c822 h1:C3w9PqII01/Oq1c1nUAm88MOHcQC9l5mIlSMApZMrHA=
github.com/munnerz/goautoneg v0.0.0-20191010083416-a7dc8b61c822/go.mod h1:+n7T8mK8HuQTcFwEeznm/DIxMOiR9yIdICNftLE1DvQ=
github.com/pelletier/go-toml/v2 v2.2.3 h1:YmeHyLY8mFWbdkNWwpr+qIL2bEqT0o95WSdkNHvL12M=
github.com/pelletier/go-toml/v2 v2.2.3/go.mod h1:MfCQTFTvCcUyyvvwm1+G6H/jORL20Xlb6rzQu9GuUkc=
github.com/pmezard/go-difflib v1.0.1-0.20181226105442-5d4384ee4fb2 h1:Jamvg5psRIccs7FGNTlIRMkT8wgtp5eCXdBlqhYGL6U=
github.com/pmezard/go-difflib v1.0.1-0.20181226105442-5d4384ee4fb2/go.mod h1:iKH77koFhYxTK1pcRnkKkqfTogsbg7gZNVY4sRDYZ/4=
github.com/power-devops/perfstat v0.0.0-20240221224432-82ca36839d55 h1:o4JXh1EVt9k/+g42oCprj/FisM4qX9L3sZB3upGN2ZU=
github.com/power-devops/perfstat v0.0.0-20240221224432-82ca36839d55/go.mod h1:OmDBASR4679mdNQnz2pUhc2G8CO2JrUAVFDRBDP/hJE=
github.com/prometheus/client_golang v1.20.5 h1:cxppBPuYhUnsO6yo/aoRol4L7q7UFfdm+bR9r+8l63Y=
github.com/prometheus/client_golang v1.20.5/go.mod h1:PIEt8X02hGcP8JWbeHyeZ53Y/jReSnHgO035n//V5WE=
github.com/prometheus/client_model v0.6.1 h1:ZKSh/rekM+n3CeS952MLRAdFwIKqeY8b62p8ais2e9E=
github.com/prometheus/client_model v0.6.1/go.mod h1:OrxVMOVHjw3lKMa8+x6HeMGkHMQyHDk9E3jmP2AmGiY=
github.com/prometheus/common v0.60.1 h1:FUas6GcOw66yB/73KC+BOZoFJmbo/1pojoILArPAaSc=
github.com/prometheus/common v0.60.1/go.mod h1:h0LYf1R1deLSKtD4Vdg8gy4RuOvENW2J/h19V5NADQw=
github.com/prometheus/procfs v0.15.1 h1:YagwOFzUgYfKKHX6Dr+sHT7km/hxC76UB0learggepc=
github.com/prometheus/procfs v0.15.1/go.mod h1:fB45yRUv8NstnjriLhBQLuOUt+WW4BsoGhij/e3PBqk=
github.com/rogpeppe/go-internal v1.13.1 h1:KvO1DLK/DRN07sQ1LQKScxyZJuNnedQ5/wKSR38lUII=
github.com/rogpeppe/go-internal v1.13.1/go.mod h1:uMEvuHeurkdAXX61udpOXGD/AzZDWNMNyH2VO9fmH0o=
github.com/russross/blackfriday/v2 v2.1.0/go.mod h1:+Rmxgy9KzJVeS9/2gXHxylqXiyQDYRxCVz55jmeOWTM=
github.com/sagikazarmark/locafero v0.6.0 h1:ON7AQg37yzcRPU69mt7gwhFEBwxI6P9T4Qu3N51bwOk=
github.com/sagikazarmark/locafero v0.6.0/go.mod h1:77OmuIc6VTraTXKXIs/uvUxKGUXjE1GbemJYHqdNjX0=
github.com/sagikazarmark/slog-shim v0.1.0 h1:diDBnUNK9N/354PgrxMywXnAwEr1QZcOr6gto+ugjYE=
github.com/sagikazarmark/slog-shim v0.1.0/go.mod h1:SrcSrq8aKtyuqEI1uvTDTK1arOWRIczQRv+GVI1AkeQ=
github.com/samber/lo v1.47.0 h1:z7RynLwP5nbyRscyvcD043DWYoOcYRv3mV8lBeqOCLc=
github.com/samber/lo v1.47.0/go.mod h1:RmDH9Ct32Qy3gduHQuKJ3gW1fMHAnE/fAzQuf6He5cU=
github.com/shirou/gopsutil/v4 v4.24.10 h1:7VOzPtfw/5YDU+jLEoBwXwxJbQetULywoSV4RYY7HkM=
github.com/shirou/gopsutil/v4 v4.24.10/go.mod h1:s4D/wg+ag4rG0WO7AiTj2BeYCRhym0vM7DHbZRxnIT8=
github.com/sourcegraph/conc v0.3.0 h1:OQTbbt6P72L20UqAkXXuLOj79LfEanQ+YQFNpLA9ySo=
github.com/sourcegraph/conc v0.3.0/go.mod h1:Sdozi7LEKbFPqYX2/J+iBAM6HpqSLTASQIKqDmF7Mt0=
github.com/spf13/afero v1.11.0 h1:WJQKhtpdm3v2IzqG8VMqrr6Rf3UYpEF239Jy9wNepM8=
github.com/spf13/afero v1.11.0/go.mod h1:GH9Y3pIexgf1MTIWtNGyogA5MwRIDXGUr+hbWNoBjkY=
github.com/spf13/cast v1.7.0 h1:ntdiHjuueXFgm5nzDRdOS4yfT43P5Fnud6DH50rz/7w=
github.com/spf13/cast v1.7.0/go.mod h1:ancEpBxwJDODSW/UG4rDrAqiKolqNNh2DX3mk86cAdo=
github.com/spf13/cobra v1.8.1 h1:e5/vxKd/rZsfSJMUX1agtjeTDf+qv1/JdBF8gg5k9ZM=
github.com/spf13/cobra v1.8.1/go.mod h1:wHxEcudfqmLYa8iTfL+OuZPbBZkmvliBWKIezN3kD9Y=
github.com/spf13/pflag v1.0.5 h1:iy+VFUOCP1a+8yFto/drg2CJ5u0yRoB7fZw3DKv/JXA=
github.com/spf13/pflag v1.0.5/go.mod h1:McXfInJRrz4CZXVZOBLb0bTZqETkiAhM9Iw0y3An2Bg=
github.com/spf13/viper v1.19.0 h1:RWq5SEjt8o25SROyN3z2OrDB9l7RPd3lwTWU8EcEdcI=
github.com/spf13/viper v1.19.0/go.mod h1:GQUN9bilAbhU/jgc1bKs99f/suXKeUMct8Adx5+Ntkg=
github.com/stretchr/testify v1.10.0 h1:Xv5erBjTwe/5IxqUQTdXv5kgmIvbHo3QQyRwhJsOfJA=
github.com/stretchr/testify v1.10.0/go.mod h1:r2ic/lqez/lEtzL7wO/rwa5dbSLXVDPFyf8C91i36aY=
github.com/subosito/gotenv v1.6.0 h1:9NlTDc1FTs4qu0DDq7AEtTPNw6SVm7uBMsUCUjABIf8=
github.com/subosito/gotenv v1.6.0/go.mod h1:Dk4QP5c2W3ibzajGcXpNraDfq2IrhjMIvMSWPKKo0FU=
github.com/tklauser/go-sysconf v0.3.14 h1:g5vzr9iPFFz24v2KZXs/pvpvh8/V9Fw6vQK5ZZb78yU=
github.com/tklauser/go-sysconf v0.3.14/go.mod h1:1ym4lWMLUOhuBOPGtRcJm7tEGX4SCYNEEEtghGG/8uY=
github.com/tklauser/numcpus v0.9.0 h1:lmyCHtANi8aRUgkckBgoDk1nHCux3n2cgkJLXdQGPDo=
github.com/tklauser/numcpus v0.9.0/go.mod h1:SN6Nq1O3VychhC1npsWostA+oW+VOQTxZrS604NSRyI=
github.com/yusufpapurcu/wmi v1.2.4 h1:zFUKzehAFReQwLys1b/iSMl+JQGSCSjtVqQn9bBrPo0=
github.com/yusufpapurcu/wmi v1.2.4/go.mod h1:SBZ9tNy3G9/m5Oi98Zks0QjeHVDvuK0qfxQmPyzfmi0=
go.opentelemetry.io/contrib/bridges/otelslog v0.7.0 h1:uLoBPCQtxi5eFRryx5yd3DTxOKRQSils1VJUKjFnlSc=
go.opentelemetry.io/contrib/bridges/otelslog v0.7.0/go.mod h1:1nWHCQN5JjEeWriWKuEY9Zycy0P8OHaPV64KudYbaKw=
go.opentelemetry.io/contrib/bridges/prometheus v0.57.0 h1:UW0+QyeyBVhn+COBec3nGhfnFe5lwB0ic1JBVjzhk0w=
go.opentelemetry.io/contrib/bridges/prometheus v0.57.0/go.mod h1:ppciCHRLsyCio54qbzQv0E4Jyth/fLWDTJYfvWpcSVk=
go.opentelemetry.io/contrib/exporters/autoexport v0.57.0 h1:jmTVJ86dP60C01K3slFQa2NQ/Aoi7zA+wy7vMOKD9H4=
go.opentelemetry.io/contrib/exporters/autoexport v0.57.0/go.mod h1:EJBheUMttD/lABFyLXhce47Wr6DPWYReCzaZiXadH7g=
go.opentelemetry.io/contrib/instrumentation/host v0.57.0 h1:1gfzOyXEuCrrwCXF81LO3DQ4rll6YBKfAQHPl+03mik=
go.opentelemetry.io/contrib/instrumentation/host v0.57.0/go.mod h1:pHBt+1Rhz99VBX7AQVgwcKPf611zgD6pQy7VwBNMFmE=
go.opentelemetry.io/contrib/instrumentation/runtime v0.57.0 h1:kJB5wMVorwre8QzEodzTAbzm9FOOah0zvG+V4abNlEE=
go.opentelemetry.io/contrib/instrumentation/runtime v0.57.0/go.mod h1:Nup4TgnOyEJWmVq9sf/ASH3ZJiAXwWHd5xZCHG7Sg9M=
go.opentelemetry.io/otel v1.32.0 h1:WnBN+Xjcteh0zdk01SVqV55d/m62NJLJdIyb4y/WO5U=
go.opentelemetry.io/otel v1.32.0/go.mod h1:00DCVSB0RQcnzlwyTfqtxSm+DRr9hpYrHjNGiBHVQIg=
go.opentelemetry.io/otel/exporters/otlp/otlplog/otlploggrpc v0.8.0 h1:WzNab7hOOLzdDF/EoWCt4glhrbMPVMOO5JYTmpz36Ls=
go.opentelemetry.io/otel/exporters/otlp/otlplog/otlploggrpc v0.8.0/go.mod h1:hKvJwTzJdp90Vh7p6q/9PAOd55dI6WA6sWj62a/JvSs=
go.opentelemetry.io/otel/exporters/otlp/otlplog/otlploghttp v0.8.0 h1:S+LdBGiQXtJdowoJoQPEtI52syEP/JYBUpjO49EQhV8=
go.opentelemetry.io/otel/exporters/otlp/otlplog/otlploghttp v0.8.0/go.mod h1:5KXybFvPGds3QinJWQT7pmXf+TN5YIa7CNYObWRkj50=
go.opentelemetry.io/otel/exporters/otlp/otlpmetric/otlpmetricgrpc v1.32.0 h1:j7ZSD+5yn+lo3sGV69nW04rRR0jhYnBwjuX3r0HvnK0=
go.opentelemetry.io/otel/exporters/otlp/otlpmetric/otlpmetricgrpc v1.32.0/go.mod h1:WXbYJTUaZXAbYd8lbgGuvih0yuCfOFC5RJoYnoLcGz8=
go.opentelemetry.io/otel/exporters/otlp/otlpmetric/otlpmetrichttp v1.32.0 h1:t/Qur3vKSkUCcDVaSumWF2PKHt85pc7fRvFuoVT8qFU=
go.opentelemetry.io/otel/exporters/otlp/otlpmetric/otlpmetrichttp v1.32.0/go.mod h1:Rl61tySSdcOJWoEgYZVtmnKdA0GeKrSqkHC1t+91CH8=
go.opentelemetry.io/otel/exporters/otlp/otlptrace v1.32.0 h1:IJFEoHiytixx8cMiVAO+GmHR6Frwu+u5Ur8njpFO6Ac=
go.opentelemetry.io/otel/exporters/otlp/otlptrace v1.32.0/go.mod h1:3rHrKNtLIoS0oZwkY2vxi+oJcwFRWdtUyRII+so45p8=
go.opentelemetry.io/otel/exporters/otlp/otlptrace/otlptracegrpc v1.32.0 h1:9kV11HXBHZAvuPUZxmMWrH8hZn/6UnHX4K0mu36vNsU=
go.opentelemetry.io/otel/exporters/otlp/otlptrace/otlptracegrpc v1.32.0/go.mod h1:JyA0FHXe22E1NeNiHmVp7kFHglnexDQ7uRWDiiJ1hKQ=
go.opentelemetry.io/otel/exporters/otlp/otlptrace/otlptracehttp v1.32.0 h1:cMyu9O88joYEaI47CnQkxO1XZdpoTF9fEnW2duIddhw=
go.opentelemetry.io/otel/exporters/otlp/otlptrace/otlptracehttp v1.32.0/go.mod h1:6Am3rn7P9TVVeXYG+wtcGE7IE1tsQ+bP3AuWcKt/gOI=
go.opentelemetry.io/otel/exporters/prometheus v0.54.0 h1:rFwzp68QMgtzu9PgP3jm9XaMICI6TsofWWPcBDKwlsU=
go.opentelemetry.io/otel/exporters/prometheus v0.54.0/go.mod h1:QyjcV9qDP6VeK5qPyKETvNjmaaEc7+gqjh4SS0ZYzDU=
go.opentelemetry.io/otel/exporters/stdout/stdoutlog v0.8.0 h1:CHXNXwfKWfzS65yrlB2PVds1IBZcdsX8Vepy9of0iRU=
go.opentelemetry.io/otel/exporters/stdout/stdoutlog v0.8.0/go.mod h1:zKU4zUgKiaRxrdovSS2amdM5gOc59slmo/zJwGX+YBg=
go.opentelemetry.io/otel/exporters/stdout/stdoutmetric v1.32.0 h1:SZmDnHcgp3zwlPBS2JX2urGYe/jBKEIT6ZedHRUyCz8=
go.opentelemetry.io/otel/exporters/stdout/stdoutmetric v1.32.0/go.mod h1:fdWW0HtZJ7+jNpTKUR0GpMEDP69nR8YBJQxNiVCE3jk=
go.opentelemetry.io/otel/exporters/stdout/stdouttrace v1.32.0 h1:cC2yDI3IQd0Udsux7Qmq8ToKAx1XCilTQECZ0KDZyTw=
go.opentelemetry.io/otel/exporters/stdout/stdouttrace v1.32.0/go.mod h1:2PD5Ex6z8CFzDbTdOlwyNIUywRr1DN0ospafJM1wJ+s=
go.opentelemetry.io/otel/log v0.8.0 h1:egZ8vV5atrUWUbnSsHn6vB8R21G2wrKqNiDt3iWertk=
go.opentelemetry.io/otel/log v0.8.0/go.mod h1:M9qvDdUTRCopJcGRKg57+JSQ9LgLBrwwfC32epk5NX8=
go.opentelemetry.io/otel/metric v1.32.0 h1:xV2umtmNcThh2/a/aCP+h64Xx5wsj8qqnkYZktzNa0M=
go.opentelemetry.io/otel/metric v1.32.0/go.mod h1:jH7CIbbK6SH2V2wE16W05BHCtIDzauciCRLoc/SyMv8=
go.opentelemetry.io/otel/sdk v1.32.0 h1:RNxepc9vK59A8XsgZQouW8ue8Gkb4jpWtJm9ge5lEG4=
go.opentelemetry.io/otel/sdk v1.32.0/go.mod h1:LqgegDBjKMmb2GC6/PrTnteJG39I8/vJCAP9LlJXEjU=
go.opentelemetry.io/otel/sdk/log v0.8.0 h1:zg7GUYXqxk1jnGF/dTdLPrK06xJdrXgqgFLnI4Crxvs=
go.opentelemetry.io/otel/sdk/log v0.8.0/go.mod h1:50iXr0UVwQrYS45KbruFrEt4LvAdCaWWgIrsN3ZQggo=
go.opentelemetry.io/otel/sdk/metric v1.32.0 h1:rZvFnvmvawYb0alrYkjraqJq0Z4ZUJAiyYCU9snn1CU=
go.opentelemetry.io/otel/sdk/metric v1.32.0/go.mod h1:PWeZlq0zt9YkYAp3gjKZ0eicRYvOh1Gd+X99x6GHpCQ=
go.opentelemetry.io/otel/trace v1.32.0 h1:WIC9mYrXf8TmY/EXuULKc8hR17vE+Hjv2cssQDe03fM=
go.opentelemetry.io/otel/trace v1.32.0/go.mod h1:+i4rkvCraA+tG6AzwloGaCtkx53Fa+L+V8e9a7YvhT8=
go.opentelemetry.io/proto/otlp v1.3.1 h1:TrMUixzpM0yuc/znrFTP9MMRh8trP93mkCiDVeXrui0=
go.opentelemetry.io/proto/otlp v1.3.1/go.mod h1:0X1WI4de4ZsLrrJNLAQbFeLCm3T7yBkR0XqQ7niQU+8=
go.uber.org/goleak v1.3.0 h1:2K3zAYmnTNqV73imy9J1T3WC+gmCePx2hEGkimedGto=
go.uber.org/goleak v1.3.0/go.mod h1:CoHD4mav9JJNrW/WLlf7HGZPjdw8EucARQHekz1X6bE=
go.uber.org/mock v0.5.0 h1:KAMbZvZPyBPWgD14IrIQ38QCyjwpvVVV6K/bHl1IwQU=
go.uber.org/mock v0.5.0/go.mod h1:ge71pBPLYDk7QIi1LupWxdAykm7KIEFchiOqd6z7qMM=
go.uber.org/multierr v1.11.0 h1:blXXJkSxSSfBVBlC76pxqeO+LN3aDfLQo+309xJstO0=
go.uber.org/multierr v1.11.0/go.mod h1:20+QtiLqy0Nd6FdQB9TLXag12DsQkrbs3htMFfDN80Y=
golang.org/x/exp v0.0.0-20240719175910-8a7402abbf56 h1:2dVuKD2vS7b0QIHQbpyTISPd0LeHDbnYEryqj5Q1ug8=
golang.org/x/exp v0.0.0-20240719175910-8a7402abbf56/go.mod h1:M4RDyNAINzryxdtnbRXRL/OHtkFuWGRjvuhBJpk2IlY=
golang.org/x/mod v0.22.0 h1:D4nJWe9zXqHOmWqj4VMOJhvzj7bEZg4wEYa759z1pH4=
golang.org/x/mod v0.22.0/go.mod h1:6SkKJ3Xj0I0BrPOZoBy3bdMptDDU9oJrpohJ3eWZ1fY=
golang.org/x/net v0.31.0 h1:68CPQngjLL0r2AlUKiSxtQFKvzRVbnzLwMUn5SzcLHo=
golang.org/x/net v0.31.0/go.mod h1:P4fl1q7dY2hnZFxEk4pPSkDHF+QqjitcnDjUQyMM+pM=
golang.org/x/sync v0.9.0 h1:fEo0HyrW1GIgZdpbhCRO0PkJajUS5H9IFUztCgEo2jQ=
golang.org/x/sync v0.9.0/go.mod h1:Czt+wKu1gCyEFDUtn0jG5QVvpJ6rzVqr5aXyt9drQfk=
golang.org/x/sys v0.0.0-20190916202348-b4ddaad3f8a3/go.mod h1:h1NjWce9XRLGQEsW7wpKNCjG9DtNlClVuFLEZdDNbEs=
golang.org/x/sys v0.0.0-20201204225414-ed752295db88/go.mod h1:h1NjWce9XRLGQEsW7wpKNCjG9DtNlClVuFLEZdDNbEs=
golang.org/x/sys v0.0.0-20220811171246-fbc7d0a398ab/go.mod h1:oPkhp1MJrh7nUepCBck5+mAzfO9JrbApNNgaTdGDITg=
golang.org/x/sys v0.1.0/go.mod h1:oPkhp1MJrh7nUepCBck5+mAzfO9JrbApNNgaTdGDITg=
golang.org/x/sys v0.6.0/go.mod h1:oPkhp1MJrh7nUepCBck5+mAzfO9JrbApNNgaTdGDITg=
golang.org/x/sys v0.27.0 h1:wBqf8DvsY9Y/2P8gAfPDEYNuS30J4lPHJxXSb/nJZ+s=
golang.org/x/sys v0.27.0/go.mod h1:/VUhepiaJMQUp4+oa/7Zr1D23ma6VTLIYjOOTFZPUcA=
golang.org/x/text v0.20.0 h1:gK/Kv2otX8gz+wn7Rmb3vT96ZwuoxnQlY+HlJVj7Qug=
golang.org/x/text v0.20.0/go.mod h1:D4IsuqiFMhST5bX19pQ9ikHC2GsaKyk/oF+pn3ducp4=
golang.org/x/tools v0.27.0 h1:qEKojBykQkQ4EynWy4S8Weg69NumxKdn40Fce3uc/8o=
golang.org/x/tools v0.27.0/go.mod h1:sUi0ZgbwW9ZPAq26Ekut+weQPR5eIM6GQLQ1Yjm1H0Q=
google.golang.org/genproto/googleapis/api v0.0.0-20241104194629-dd2ea8efbc28 h1:M0KvPgPmDZHPlbRbaNU1APr28TvwvvdUPlSv7PUvy8g=
google.golang.org/genproto/googleapis/api v0.0.0-20241104194629-dd2ea8efbc28/go.mod h1:dguCy7UOdZhTvLzDyt15+rOrawrpM4q7DD9dQ1P11P4=
google.golang.org/genproto/googleapis/rpc v0.0.0-20241104194629-dd2ea8efbc28 h1:XVhgTWWV3kGQlwJHR3upFWZeTsei6Oks1apkZSeonIE=
google.golang.org/genproto/googleapis/rpc v0.0.0-20241104194629-dd2ea8efbc28/go.mod h1:GX3210XPVPUjJbTUbvwI8f2IpZDMZuPJWDzDuebbviI=
google.golang.org/grpc v1.68.0 h1:aHQeeJbo8zAkAa3pRzrVjZlbz6uSfeOXlJNQM0RAbz0=
google.golang.org/grpc v1.68.0/go.mod h1:fmSPC5AsjSBCK54MyHRx48kpOti1/jRfOlwEWywNjWA=
google.golang.org/protobuf v1.35.1 h1:m3LfL6/Ca+fqnjnlqQXNpFPABW1UD7mjh8KO2mKFytA=
google.golang.org/protobuf v1.35.1/go.mod h1:9fA7Ob0pmnwhb644+1+CVWFRbNajQ6iRojtC/QF5bRE=
gopkg.in/check.v1 v0.0.0-20161208181325-20d25e280405/go.mod h1:Co6ibVJAznAaIkqp8huTwlJQCZ016jof/cbN4VW5Yz0=
gopkg.in/check.v1 v1.0.0-20201130134442-10cb98267c6c h1:Hei/4ADfdWqJk1ZMxUNpqntNwaWcugrBjAiHlqqRiVk=
gopkg.in/check.v1 v1.0.0-20201130134442-10cb98267c6c/go.mod h1:JHkPIbrfpd72SG/EVd6muEfDQjcINNoR0C8j2r3qZ4Q=
gopkg.in/ini.v1 v1.67.0 h1:Dgnx+6+nfE+IfzjUEISNeydPJh9AXNNsWbGP9KzCsOA=
gopkg.in/ini.v1 v1.67.0/go.mod h1:pNLf8WUiyNEtQjuu5G5vTm06TEv9tsIgeAvK8hOrP4k=
gopkg.in/yaml.v3 v3.0.1 h1:fxVm/GzAzEWqLHuvctI91KS9hhNmmWOoWu0XTYJS7CA=
gopkg.in/yaml.v3 v3.0.1/go.mod h1:K4uyk7z7BCEPqu6E+C64Yfv1cQ7kz7rIZviUmN+EgEM=
